
Microsoft Visual Studio Solution File, Format Version 12.00
# Visual Studio Version 17
VisualStudioVersion = 17.3.32611.2
MinimumVisualStudioVersion = 10.0.40219.1
Project("{9A19103F-16F7-4668-BE54-9A1E7A4F7556}") = "Tiler", "Tiler\Tiler.csproj", "{4D2DD034-0CB9-4A63-8058-655DB1623996}"
EndProject
Global
	GlobalSection(SolutionConfigurationPlatforms) = preSolution
		Debug|Any CPU = Debug|Any CPU
		Release|Any CPU = Release|Any CPU
	EndGlobalSection
	GlobalSection(ProjectConfigurationPlatforms) = postSolution
		{4D2DD034-0CB9-4A63-8058-655DB1623996}.Debug|Any CPU.ActiveCfg = Debug|Any CPU
		{4D2DD034-0CB9-4A63-8058-655DB1623996}.Debug|Any CPU.Build.0 = Debug|Any CPU
		{4D2DD034-0CB9-4A63-8058-655DB1623996}.Release|Any CPU.ActiveCfg = Release|Any CPU
		{4D2DD034-0CB9-4A63-8058-655DB1623996}.Release|Any CPU.Build.0 = Release|Any CPU
	EndGlobalSection
	GlobalSection(SolutionProperties) = preSolution
		HideSolutionNode = FALSE
	EndGlobalSection
	GlobalSection(ExtensibilityGlobals) = postSolution
		SolutionGuid = {0C3B55C8-5CC8-4617-96BD-CEC075541671}
	EndGlobalSection
EndGlobal
